
Microsoft Visual Studio Solution File, Format Version 12.00
# Visual Studio 15
VisualStudioVersion = 15.0.27703.1
MinimumVisualStudioVersion = 10.0.40219.1
Project("{FAE04EC0-301F-11D3-BF4B-00C04F79EFBC}") = "PSModule", "PSModule\PSModule.csproj", "{3513A7AB-1288-4A05-A86F-1241755F824E}"
EndProject
Global
	GlobalSection(SolutionConfigurationPlatforms) = preSolution
		Debug|Any CPU = Debug|Any CPU
		Release|Any CPU = Release|Any CPU
	EndGlobalSection
	GlobalSection(ProjectConfigurationPlatforms) = postSolution
		{3513A7AB-1288-4A05-A86F-1241755F824E}.Debug|Any CPU.ActiveCfg = Debug|Any CPU
		{3513A7AB-1288-4A05-A86F-1241755F824E}.Debug|Any CPU.Build.0 = Debug|Any CPU
		{3513A7AB-1288-4A05-A86F-1241755F824E}.Release|Any CPU.ActiveCfg = Release|Any CPU
		{3513A7AB-1288-4A05-A86F-1241755F824E}.Release|Any CPU.Build.0 = Release|Any CPU
	EndGlobalSection
	GlobalSection(SolutionProperties) = preSolution
		HideSolutionNode = FALSE
	EndGlobalSection
	GlobalSection(ExtensibilityGlobals) = postSolution
		SolutionGuid = {A171EB0D-7425-47C2-AE0A-E5D7A7025FA4}
	EndGlobalSection
EndGlobal
